// !$*UTF8*$!
{
	archiveVersion = 1;
	classes = {
	};
	objectVersion = 56;
	objects = {
/* Begin PBXTargetDependency section */
B0000000000000000000001A = {isa = PBXTargetDependency; target = B00000000000000000000019; targetProxy = B00000000000000000000018; };
/* End PBXTargetDependency section */
/* Begin PBXContainerItemProxy section */
B00000000000000000000018 = {isa = PBXContainerItemProxy; containerPortal = A00000000000000000000001; proxyType = 1; remoteGlobalIDString = B00000000000000000000019; remoteInfo = BridgeActivity; };
/* End PBXContainerItemProxy section */
/* Begin PBXCopyFilesBuildPhase section */
B00000000000000000000017 = {isa = PBXCopyFilesBuildPhase; buildActionMask = 2147483647; dstPath = ""; dstSubfolderSpec = 13; files = (B0000000000000000000000E,); name = "Embed App Extensions"; runOnlyForDeploymentPostprocessing = 0; };
/* End PBXCopyFilesBuildPhase section */

/* Begin PBXBuildFile section */
		A00000000000000000000030 /* App.swift in Sources */ = {isa = PBXBuildFile; fileRef = A00000000000000000000020 /* App.swift */; };
		A00000000000000000000031 /* GatewayURL.swift in Sources */ = {isa = PBXBuildFile; fileRef = A00000000000000000000021 /* GatewayURL.swift */; };
		A00000000000000000000050 /* AppIcon60x60@2x.png in Resources */ = {isa = PBXBuildFile; fileRef = A00000000000000000000040; };
		A00000000000000000000051 /* AppIcon60x60@3x.png in Resources */ = {isa = PBXBuildFile; fileRef = A00000000000000000000041; };
		A00000000000000000000052 /* AppIcon76x76.png in Resources */ = {isa = PBXBuildFile; fileRef = A00000000000000000000042; };
		A00000000000000000000053 /* AppIcon76x76@2x.png in Resources */ = {isa = PBXBuildFile; fileRef = A00000000000000000000043; };
		A00000000000000000000054 /* AppIcon83x83@2x.png in Resources */ = {isa = PBXBuildFile; fileRef = A00000000000000000000044; };
B0000000000000000000000A = {isa = PBXBuildFile; fileRef = B00000000000000000000001; };
B0000000000000000000000B = {isa = PBXBuildFile; fileRef = B00000000000000000000002; };
B0000000000000000000000C = {isa = PBXBuildFile; fileRef = B00000000000000000000001; };
B0000000000000000000000D = {isa = PBXBuildFile; fileRef = B00000000000000000000003; };
B0000000000000000000000E = {isa = PBXBuildFile; fileRef = B00000000000000000000004; settings = {ATTRIBUTES = (RemoveHeadersOnCopy,); }; };
/* End PBXBuildFile section */

/* Begin PBXFileReference section */
		A00000000000000000000007 /* BridgePreview.app */ = {isa = PBXFileReference; explicitFileType = wrapper.application; path = BridgePreview.app; sourceTree = BUILT_PRODUCTS_DIR; };
		A00000000000000000000020 /* App.swift */ = {isa = PBXFileReference; lastKnownFileType = sourcecode.swift; path = App.swift; sourceTree = "<group>"; };
		A00000000000000000000021 /* GatewayURL.swift */ = {isa = PBXFileReference; lastKnownFileType = sourcecode.swift; path = GatewayURL.swift; sourceTree = "<group>"; };
		A00000000000000000000022 /* Info.plist */ = {isa = PBXFileReference; lastKnownFileType = text.plist.xml; path = Info.plist; sourceTree = "<group>"; };
		A00000000000000000000040 /* AppIcon60x60@2x.png */ = {isa = PBXFileReference; lastKnownFileType = image.png; path = "AppIcon60x60@2x.png"; sourceTree = "<group>"; };
		A00000000000000000000041 /* AppIcon60x60@3x.png */ = {isa = PBXFileReference; lastKnownFileType = image.png; path = "AppIcon60x60@3x.png"; sourceTree = "<group>"; };
		A00000000000000000000042 /* AppIcon76x76.png */ = {isa = PBXFileReference; lastKnownFileType = image.png; path = "AppIcon76x76.png"; sourceTree = "<group>"; };
		A00000000000000000000043 /* AppIcon76x76@2x.png */ = {isa = PBXFileReference; lastKnownFileType = image.png; path = "AppIcon76x76@2x.png"; sourceTree = "<group>"; };
		A00000000000000000000044 /* AppIcon83x83@2x.png */ = {isa = PBXFileReference; lastKnownFileType = image.png; path = "AppIcon83x83@2x.png"; sourceTree = "<group>"; };
B00000000000000000000001 = {isa = PBXFileReference; lastKnownFileType = sourcecode.swift; path = TaskActivity.swift; sourceTree = "<group>"; };
B00000000000000000000002 = {isa = PBXFileReference; lastKnownFileType = sourcecode.swift; path = LiveActivityController.swift; sourceTree = "<group>"; };
B00000000000000000000003 = {isa = PBXFileReference; lastKnownFileType = sourcecode.swift; path = BridgeActivityWidget.swift; sourceTree = "<group>"; };
B00000000000000000000004 = {isa = PBXFileReference; explicitFileType = "wrapper.app-extension"; path = BridgeActivity.appex; sourceTree = BUILT_PRODUCTS_DIR; };
/* End PBXFileReference section */

/* Begin PBXFrameworksBuildPhase section */
		A0000000000000000000000A /* Frameworks */ = {
			isa = PBXFrameworksBuildPhase;
			buildActionMask = 2147483647;
			files = (
			);
			runOnlyForDeploymentPostprocessing = 0;
		};
B00000000000000000000016 = {isa = PBXFrameworksBuildPhase; buildActionMask = 2147483647; files = (); runOnlyForDeploymentPostprocessing = 0; };
/* End PBXFrameworksBuildPhase section */

/* Begin PBXGroup section */
		A00000000000000000000003 = {
			isa = PBXGroup;
			children = (
				A00000000000000000000006 /* BridgePreview */,
B00000000000000000000014,
				A00000000000000000000004 /* Products */,
			);
			sourceTree = "<group>";
		};
		A00000000000000000000004 /* Products */ = {
			isa = PBXGroup;
			children = (
				A00000000000000000000007 /* BridgePreview.app */,
B00000000000000000000004,
			);
			name = Products;
			sourceTree = "<group>";
		};
		A00000000000000000000006 /* BridgePreview */ = {
			isa = PBXGroup;
			children = (
				A00000000000000000000020 /* App.swift */,
B00000000000000000000001,B00000000000000000000002,
				A00000000000000000000021 /* GatewayURL.swift */,
				A00000000000000000000022 /* Info.plist */,
				A00000000000000000000044 /* AppIcon83x83@2x.png */,
				A00000000000000000000043 /* AppIcon76x76@2x.png */,
				A00000000000000000000042 /* AppIcon76x76.png */,
				A00000000000000000000041 /* AppIcon60x60@3x.png */,
				A00000000000000000000040 /* AppIcon60x60@2x.png */,
			);
			path = BridgePreview;
			sourceTree = "<group>";
		};
B00000000000000000000014 = {isa = PBXGroup; children = (B00000000000000000000003,); path = BridgeActivity; sourceTree = "<group>"; };
/* End PBXGroup section */

/* Begin PBXNativeTarget section */
		A00000000000000000000005 /* BridgePreview */ = {
			isa = PBXNativeTarget;
			buildConfigurationList = A00000000000000000000008 /* Build configuration list for PBXNativeTarget "BridgePreview" */;
			buildPhases = (
				A00000000000000000000009 /* Sources */,
				A0000000000000000000000A /* Frameworks */,
				A0000000000000000000000B /* Resources */,
B00000000000000000000017,
			);
			buildRules = (
			);
			dependencies = (
B0000000000000000000001A,
			);
			name = BridgePreview;
			productName = BridgePreview;
			productReference = A00000000000000000000007 /* BridgePreview.app */;
			productType = "com.apple.product-type.application";
		};
B00000000000000000000019 = {isa = PBXNativeTarget; buildConfigurationList = B0000000000000000000001D; buildPhases = (B00000000000000000000015, B00000000000000000000016,); buildRules = (); dependencies = (); name = BridgeActivity; productName = BridgeActivity; productReference = B00000000000000000000004; productType = "com.apple.product-type.app-extension"; };
/* End PBXNativeTarget section */

/* Begin PBXProject section */
		A00000000000000000000001 /* Project object */ = {
			isa = PBXProject;
			attributes = {
				LastUpgradeCheck = 1620;
				TargetAttributes = {
					A00000000000000000000005 = {
						CreatedOnToolsVersion = 16.2;
						ProvisioningStyle = Automatic;
					};
				};
			};
			buildConfigurationList = A00000000000000000000002 /* Build configuration list for PBXProject "BridgePreview" */;
			compatibilityVersion = "Xcode 14.0";
			developmentRegion = en;
			hasScannedForEncodings = 0;
			knownRegions = (
				en,
				Base,
			);
			mainGroup = A00000000000000000000003;
			productRefGroup = A00000000000000000000004 /* Products */;
			projectDirPath = "";
			projectRoot = "";
			targets = (
				A00000000000000000000005 /* BridgePreview */,
B00000000000000000000019,
			);
		};
/* End PBXProject section */

/* Begin PBXResourcesBuildPhase section */
		A0000000000000000000000B /* Resources */ = {
			isa = PBXResourcesBuildPhase;
			buildActionMask = 2147483647;
			files = (
				A00000000000000000000054 /* AppIcon83x83@2x.png in Resources */,
				A00000000000000000000053 /* AppIcon76x76@2x.png in Resources */,
				A00000000000000000000052 /* AppIcon76x76.png in Resources */,
				A00000000000000000000051 /* AppIcon60x60@3x.png in Resources */,
				A00000000000000000000050 /* AppIcon60x60@2x.png in Resources */,
			);
			runOnlyForDeploymentPostprocessing = 0;
		};
/* End PBXResourcesBuildPhase section */

/* Begin PBXSourcesBuildPhase section */
		A00000000000000000000009 /* Sources */ = {
			isa = PBXSourcesBuildPhase;
			buildActionMask = 2147483647;
			files = (
				A00000000000000000000030 /* App.swift in Sources */,
B0000000000000000000000A,B0000000000000000000000B,
				A00000000000000000000031 /* GatewayURL.swift in Sources */,
			);
			runOnlyForDeploymentPostprocessing = 0;
		};
B00000000000000000000015 = {isa = PBXSourcesBuildPhase; buildActionMask = 2147483647; files = (B0000000000000000000000C, B0000000000000000000000D,); runOnlyForDeploymentPostprocessing = 0; };
/* End PBXSourcesBuildPhase section */

/* Begin XCBuildConfiguration section */
		A00000000000000000000010 /* Debug */ = {
			isa = XCBuildConfiguration;
			buildSettings = {
				CLANG_ENABLE_MODULES = YES;
				IPHONEOS_DEPLOYMENT_TARGET = 15.0;
				SDKROOT = iphoneos;
				SWIFT_VERSION = 5.0;
			};
			name = Debug;
		};
		A00000000000000000000011 /* Release */ = {
			isa = XCBuildConfiguration;
			buildSettings = {
				CLANG_ENABLE_MODULES = YES;
				IPHONEOS_DEPLOYMENT_TARGET = 15.0;
				SDKROOT = iphoneos;
				SWIFT_VERSION = 5.0;
			};
			name = Release;
		};
		A00000000000000000000012 /* Debug */ = {
			isa = XCBuildConfiguration;
			buildSettings = {
				CODE_SIGN_STYLE = Automatic;
				INFOPLIST_FILE = BridgePreview/Info.plist;
				PRODUCT_BUNDLE_IDENTIFIER = io.github.try2love.codexbridge.preview;
				PRODUCT_NAME = "$(TARGET_NAME)";
				SWIFT_OPTIMIZATION_LEVEL = "-Onone";
				TARGETED_DEVICE_FAMILY = "1,2";
			};
			name = Debug;
		};
		A00000000000000000000013 /* Release */ = {
			isa = XCBuildConfiguration;
			buildSettings = {
				CODE_SIGN_STYLE = Automatic;
				INFOPLIST_FILE = BridgePreview/Info.plist;
				PRODUCT_BUNDLE_IDENTIFIER = io.github.try2love.codexbridge.preview;
				PRODUCT_NAME = "$(TARGET_NAME)";
				SWIFT_OPTIMIZATION_LEVEL = "-O";
				TARGETED_DEVICE_FAMILY = "1,2";
			};
			name = Release;
		};
B0000000000000000000001B = {isa = XCBuildConfiguration; buildSettings = {CODE_SIGN_STYLE = Automatic; INFOPLIST_FILE = BridgeActivity/Info.plist; PRODUCT_BUNDLE_IDENTIFIER = io.github.try2love.codexbridge.preview.activity; PRODUCT_NAME = "$(TARGET_NAME)"; IPHONEOS_DEPLOYMENT_TARGET = 16.2; SDKROOT = iphoneos; SWIFT_VERSION = 5.0; SKIP_INSTALL = YES; APPLICATION_EXTENSION_API_ONLY = YES; TARGETED_DEVICE_FAMILY = "1,2"; LD_RUNPATH_SEARCH_PATHS = ("$(inherited)", "@executable_path/Frameworks", "@executable_path/../../Frameworks"); }; name = Debug; };
B0000000000000000000001C = {isa = XCBuildConfiguration; buildSettings = {CODE_SIGN_STYLE = Automatic; INFOPLIST_FILE = BridgeActivity/Info.plist; PRODUCT_BUNDLE_IDENTIFIER = io.github.try2love.codexbridge.preview.activity; PRODUCT_NAME = "$(TARGET_NAME)"; IPHONEOS_DEPLOYMENT_TARGET = 16.2; SDKROOT = iphoneos; SWIFT_VERSION = 5.0; SKIP_INSTALL = YES; APPLICATION_EXTENSION_API_ONLY = YES; TARGETED_DEVICE_FAMILY = "1,2"; LD_RUNPATH_SEARCH_PATHS = ("$(inherited)", "@executable_path/Frameworks", "@executable_path/../../Frameworks"); }; name = Release; };
/* End XCBuildConfiguration section */

/* Begin XCConfigurationList section */
		A00000000000000000000002 /* Build configuration list for PBXProject "BridgePreview" */ = {
			isa = XCConfigurationList;
			buildConfigurations = (
				A00000000000000000000010 /* Debug */,
				A00000000000000000000011 /* Release */,
			);
			defaultConfigurationIsVisible = 0;
			defaultConfigurationName = Release;
		};
		A00000000000000000000008 /* Build configuration list for PBXNativeTarget "BridgePreview" */ = {
			isa = XCConfigurationList;
			buildConfigurations = (
				A00000000000000000000012 /* Debug */,
				A00000000000000000000013 /* Release */,
			);
			defaultConfigurationIsVisible = 0;
			defaultConfigurationName = Release;
		};
B0000000000000000000001D = {isa = XCConfigurationList; buildConfigurations = (B0000000000000000000001B, B0000000000000000000001C,); defaultConfigurationIsVisible = 0; defaultConfigurationName = Release; };
/* End XCConfigurationList section */
	};
	rootObject = A00000000000000000000001 /* Project object */;
}
